// !$*UTF8*$!
{
	archiveVersion = 1;
	classes = {
	};
	objectVersion = 55;
	objects = {

/* Begin PBXBuildFile section */
		F60CD6BA276162CE00073205 /* StaggeredGrid.swift in Sources */ = {isa = PBXBuildFile; fileRef = F60CD6B9276162CE00073205 /* StaggeredGrid.swift */; };
		F60CD6BC276170E800073205 /* ProfilePage.swift in Sources */ = {isa = PBXBuildFile; fileRef = F60CD6BB276170E800073205 /* ProfilePage.swift */; };
		F6229EA52761F983004683AB /* ProductDetailView.swift in Sources */ = {isa = PBXBuildFile; fileRef = F6229EA42761F983004683AB /* ProductDetailView.swift */; };
		F6229EA72761FA39004683AB /* SharedDataModel.swift in Sources */ = {isa = PBXBuildFile; fileRef = F6229EA62761FA39004683AB /* SharedDataModel.swift */; };
		F6229EA9276213CE004683AB /* LikedPage.swift in Sources */ = {isa = PBXBuildFile; fileRef = F6229EA8276213CE004683AB /* LikedPage.swift */; };
		F6229EAB27627733004683AB /* CartPage.swift in Sources */ = {isa = PBXBuildFile; fileRef = F6229EAA27627733004683AB /* CartPage.swift */; };
		F63B8C79275A415800A6C028 /* Raleway-SemiBold.ttf in Resources */ = {isa = PBXBuildFile; fileRef = F63B8C76275A415800A6C028 /* Raleway-SemiBold.ttf */; };
		F63B8C7A275A415800A6C028 /* Raleway-SemiBold.ttf in Resources */ = {isa = PBXBuildFile; fileRef = F63B8C76275A415800A6C028 /* Raleway-SemiBold.ttf */; };
		F63B8C7B275A415800A6C028 /* Raleway-Bold.ttf in Resources */ = {isa = PBXBuildFile; fileRef = F63B8C77275A415800A6C028 /* Raleway-Bold.ttf */; };
		F63B8C7C275A415800A6C028 /* Raleway-Bold.ttf in Resources */ = {isa = PBXBuildFile; fileRef = F63B8C77275A415800A6C028 /* Raleway-Bold.ttf */; };
		F63B8C7D275A415800A6C028 /* Raleway-Regular.ttf in Resources */ = {isa = PBXBuildFile; fileRef = F63B8C78275A415800A6C028 /* Raleway-Regular.ttf */; };
		F63B8C7E275A415800A6C028 /* Raleway-Regular.ttf in Resources */ = {isa = PBXBuildFile; fileRef = F63B8C78275A415800A6C028 /* Raleway-Regular.ttf */; };
		F63B8C82275A42F600A6C028 /* OnBoardingPage.swift in Sources */ = {isa = PBXBuildFile; fileRef = F63B8C81275A42F600A6C028 /* OnBoardingPage.swift */; };
		F63B8C84275A5C3E00A6C028 /* LoginPage.swift in Sources */ = {isa = PBXBuildFile; fileRef = F63B8C83275A5C3E00A6C028 /* LoginPage.swift */; };
		F63B8C87275A5CFD00A6C028 /* LoginPageModel.swift in Sources */ = {isa = PBXBuildFile; fileRef = F63B8C86275A5CFD00A6C028 /* LoginPageModel.swift */; };
		F63B8C89275A68E300A6C028 /* CustomCorners.swift in Sources */ = {isa = PBXBuildFile; fileRef = F63B8C88275A68E300A6C028 /* CustomCorners.swift */; };
		F64A29E9275E183E004F3A9F /* MoreProductsView.swift in Sources */ = {isa = PBXBuildFile; fileRef = F64A29E8275E183E004F3A9F /* MoreProductsView.swift */; };
		F654B669275E3FF400193464 /* SearchView.swift in Sources */ = {isa = PBXBuildFile; fileRef = F654B668275E3FF300193464 /* SearchView.swift */; };
		F66DB453275D301600CB02C6 /* MainPage.swift in Sources */ = {isa = PBXBuildFile; fileRef = F66DB452275D301600CB02C6 /* MainPage.swift */; };
		F66DB456275D36B900CB02C6 /* Home.swift in Sources */ = {isa = PBXBuildFile; fileRef = F66DB455275D36B900CB02C6 /* Home.swift */; };
		F6A10BD1275D50E700E51E77 /* Product.swift in Sources */ = {isa = PBXBuildFile; fileRef = F6A10BD0275D50E700E51E77 /* Product.swift */; };
		F6A10BD3275D564400E51E77 /* HomeViewModel.swift in Sources */ = {isa = PBXBuildFile; fileRef = F6A10BD2275D564400E51E77 /* HomeViewModel.swift */; };
		F6C5ACD3275A3C7800E869EC /* ECommerceShopApp.swift in Sources */ = {isa = PBXBuildFile; fileRef = F6C5ACC3275A3C7600E869EC /* ECommerceShopApp.swift */; };
		F6C5ACD4275A3C7800E869EC /* ECommerceShopApp.swift in Sources */ = {isa = PBXBuildFile; fileRef = F6C5ACC3275A3C7600E869EC /* ECommerceShopApp.swift */; };
		F6C5ACD5275A3C7800E869EC /* ContentView.swift in Sources */ = {isa = PBXBuildFile; fileRef = F6C5ACC4275A3C7600E869EC /* ContentView.swift */; };
		F6C5ACD6275A3C7800E869EC /* ContentView.swift in Sources */ = {isa = PBXBuildFile; fileRef = F6C5ACC4275A3C7600E869EC /* ContentView.swift */; };
		F6C5ACD7275A3C7800E869EC /* Assets.xcassets in Resources */ = {isa = PBXBuildFile; fileRef = F6C5ACC5275A3C7800E869EC /* Assets.xcassets */; };
		F6C5ACD8275A3C7800E869EC /* Assets.xcassets in Resources */ = {isa = PBXBuildFile; fileRef = F6C5ACC5275A3C7800E869EC /* Assets.xcassets */; };
/* End PBXBuildFile section */

/* Begin PBXFileReference section */
		F60CD6B9276162CE00073205 /* StaggeredGrid.swift */ = {isa = PBXFileReference; lastKnownFileType = sourcecode.swift; path = StaggeredGrid.swift; sourceTree = "<group>"; };
		F60CD6BB276170E800073205 /* ProfilePage.swift */ = {isa = PBXFileReference; lastKnownFileType = sourcecode.swift; path = ProfilePage.swift; sourceTree = "<group>"; };
		F6229EA42761F983004683AB /* ProductDetailView.swift */ = {isa = PBXFileReference; lastKnownFileType = sourcecode.swift; path = ProductDetailView.swift; sourceTree = "<group>"; };
		F6229EA62761FA39004683AB /* SharedDataModel.swift */ = {isa = PBXFileReference; lastKnownFileType = sourcecode.swift; path = SharedDataModel.swift; sourceTree = "<group>"; };
		F6229EA8276213CE004683AB /* LikedPage.swift */ = {isa = PBXFileReference; lastKnownFileType = sourcecode.swift; path = LikedPage.swift; sourceTree = "<group>"; };
		F6229EAA27627733004683AB /* CartPage.swift */ = {isa = PBXFileReference; lastKnownFileType = sourcecode.swift; path = CartPage.swift; sourceTree = "<group>"; };
		F63B8C76275A415800A6C028 /* Raleway-SemiBold.ttf */ = {isa = PBXFileReference; lastKnownFileType = file; path = "Raleway-SemiBold.ttf"; sourceTree = "<group>"; };
		F63B8C77275A415800A6C028 /* Raleway-Bold.ttf */ = {isa = PBXFileReference; lastKnownFileType = file; path = "Raleway-Bold.ttf"; sourceTree = "<group>"; };
		F63B8C78275A415800A6C028 /* Raleway-Regular.ttf */ = {isa = PBXFileReference; lastKnownFileType = file; path = "Raleway-Regular.ttf"; sourceTree = "<group>"; };
		F63B8C7F275A418700A6C028 /* ECommerceShop--iOS--Info.plist */ = {isa = PBXFileReference; lastKnownFileType = text.plist; path = "ECommerceShop--iOS--Info.plist"; sourceTree = "<group>"; };
		F63B8C81275A42F600A6C028 /* OnBoardingPage.swift */ = {isa = PBXFileReference; lastKnownFileType = sourcecode.swift; path = OnBoardingPage.swift; sourceTree = "<group>"; };
		F63B8C83275A5C3E00A6C028 /* LoginPage.swift */ = {isa = PBXFileReference; lastKnownFileType = sourcecode.swift; path = LoginPage.swift; sourceTree = "<group>"; };
		F63B8C86275A5CFD00A6C028 /* LoginPageModel.swift */ = {isa = PBXFileReference; lastKnownFileType = sourcecode.swift; path = LoginPageModel.swift; sourceTree = "<group>"; };
		F63B8C88275A68E300A6C028 /* CustomCorners.swift */ = {isa = PBXFileReference; lastKnownFileType = sourcecode.swift; path = CustomCorners.swift; sourceTree = "<group>"; };
		F64A29E8275E183E004F3A9F /* MoreProductsView.swift */ = {isa = PBXFileReference; lastKnownFileType = sourcecode.swift; path = MoreProductsView.swift; sourceTree = "<group>"; };
		F654B668275E3FF300193464 /* SearchView.swift */ = {isa = PBXFileReference; lastKnownFileType = sourcecode.swift; path = SearchView.swift; sourceTree = "<group>"; };
		F66DB452275D301600CB02C6 /* MainPage.swift */ = {isa = PBXFileReference; lastKnownFileType = sourcecode.swift; path = MainPage.swift; sourceTree = "<group>"; };
		F66DB455275D36B900CB02C6 /* Home.swift */ = {isa = PBXFileReference; lastKnownFileType = sourcecode.swift; path = Home.swift; sourceTree = "<group>"; };
		F6A10BD0275D50E700E51E77 /* Product.swift */ = {isa = PBXFileReference; lastKnownFileType = sourcecode.swift; path = Product.swift; sourceTree = "<group>"; };
		F6A10BD2275D564400E51E77 /* HomeViewModel.swift */ = {isa = PBXFileReference; lastKnownFileType = sourcecode.swift; path = HomeViewModel.swift; sourceTree = "<group>"; };
		F6C5ACC3275A3C7600E869EC /* ECommerceShopApp.swift */ = {isa = PBXFileReference; lastKnownFileType = sourcecode.swift; path = ECommerceShopApp.swift; sourceTree = "<group>"; };
		F6C5ACC4275A3C7600E869EC /* ContentView.swift */ = {isa = PBXFileReference; lastKnownFileType = sourcecode.swift; path = ContentView.swift; sourceTree = "<group>"; };
		F6C5ACC5275A3C7800E869EC /* Assets.xcassets */ = {isa = PBXFileReference; lastKnownFileType = folder.assetcatalog; path = Assets.xcassets; sourceTree = "<group>"; };
		F6C5ACCA275A3C7800E869EC /* ECommerceShop.app */ = {isa = PBXFileReference; explicitFileType = wrapper.application; includeInIndex = 0; path = ECommerceShop.app; sourceTree = BUILT_PRODUCTS_DIR; };
		F6C5ACD0275A3C7800E869EC /* ECommerceShop.app */ = {isa = PBXFileReference; explicitFileType = wrapper.application; includeInIndex = 0; path = ECommerceShop.app; sourceTree = BUILT_PRODUCTS_DIR; };
		F6C5ACD2275A3C7800E869EC /* macOS.entitlements */ = {isa = PBXFileReference; lastKnownFileType = text.plist.entitlements; path = macOS.entitlements; sourceTree = "<group>"; };
/* End PBXFileReference section */

/* Begin PBXFrameworksBuildPhase section */
		F6C5ACC7275A3C7800E869EC /* Frameworks */ = {
			isa = PBXFrameworksBuildPhase;
			buildActionMask = 2147483647;
			files = (
			);
			runOnlyForDeploymentPostprocessing = 0;
		};
		F6C5ACCD275A3C7800E869EC /* Frameworks */ = {
			isa = PBXFrameworksBuildPhase;
			buildActionMask = 2147483647;
			files = (
			);
			runOnlyForDeploymentPostprocessing = 0;
		};
/* End PBXFrameworksBuildPhase section */

/* Begin PBXGroup section */
		F63B8C75275A401500A6C028 /* Fonts */ = {
			isa = PBXGroup;
			children = (
				F63B8C77275A415800A6C028 /* Raleway-Bold.ttf */,
				F63B8C78275A415800A6C028 /* Raleway-Regular.ttf */,
				F63B8C76275A415800A6C028 /* Raleway-SemiBold.ttf */,
			);
			path = Fonts;
			sourceTree = "<group>";
		};
		F63B8C80275A426D00A6C028 /* View */ = {
			isa = PBXGroup;
			children = (
				F66DB454275D369F00CB02C6 /* TabViews */,
				F63B8C81275A42F600A6C028 /* OnBoardingPage.swift */,
				F63B8C83275A5C3E00A6C028 /* LoginPage.swift */,
				F63B8C88275A68E300A6C028 /* CustomCorners.swift */,
				F66DB452275D301600CB02C6 /* MainPage.swift */,
				F64A29E8275E183E004F3A9F /* MoreProductsView.swift */,
				F654B668275E3FF300193464 /* SearchView.swift */,
				F60CD6B9276162CE00073205 /* StaggeredGrid.swift */,
				F6229EA42761F983004683AB /* ProductDetailView.swift */,
			);
			path = View;
			sourceTree = "<group>";
		};
		F63B8C85275A5C4D00A6C028 /* ViewModel */ = {
			isa = PBXGroup;
			children = (
				F63B8C86275A5CFD00A6C028 /* LoginPageModel.swift */,
				F6A10BD2275D564400E51E77 /* HomeViewModel.swift */,
				F6229EA62761FA39004683AB /* SharedDataModel.swift */,
			);
			path = ViewModel;
			sourceTree = "<group>";
		};
		F66DB454275D369F00CB02C6 /* TabViews */ = {
			isa = PBXGroup;
			children = (
				F66DB455275D36B900CB02C6 /* Home.swift */,
				F60CD6BB276170E800073205 /* ProfilePage.swift */,
				F6229EA8276213CE004683AB /* LikedPage.swift */,
				F6229EAA27627733004683AB /* CartPage.swift */,
			);
			path = TabViews;
			sourceTree = "<group>";
		};
		F66DB457275D4F6400CB02C6 /* Model */ = {
			isa = PBXGroup;
			children = (
				F6A10BD0275D50E700E51E77 /* Product.swift */,
			);
			path = Model;
			sourceTree = "<group>";
		};
		F6C5ACBD275A3C7600E869EC = {
			isa = PBXGroup;
			children = (
				F63B8C7F275A418700A6C028 /* ECommerceShop--iOS--Info.plist */,
				F6C5ACC2275A3C7600E869EC /* Shared */,
				F6C5ACD1275A3C7800E869EC /* macOS */,
				F6C5ACCB275A3C7800E869EC /* Products */,
			);
			sourceTree = "<group>";
		};
		F6C5ACC2275A3C7600E869EC /* Shared */ = {
			isa = PBXGroup;
			children = (
				F66DB457275D4F6400CB02C6 /* Model */,
				F63B8C85275A5C4D00A6C028 /* ViewModel */,
				F63B8C80275A426D00A6C028 /* View */,
				F63B8C75275A401500A6C028 /* Fonts */,
				F6C5ACC3275A3C7600E869EC /* ECommerceShopApp.swift */,
				F6C5ACC4275A3C7600E869EC /* ContentView.swift */,
				F6C5ACC5275A3C7800E869EC /* Assets.xcassets */,
			);
			path = Shared;
			sourceTree = "<group>";
		};
		F6C5ACCB275A3C7800E869EC /* Products */ = {
			isa = PBXGroup;
			children = (
				F6C5ACCA275A3C7800E869EC /* ECommerceShop.app */,
				F6C5ACD0275A3C7800E869EC /* ECommerceShop.app */,
			);
			name = Products;
			sourceTree = "<group>";
		};
		F6C5ACD1275A3C7800E869EC /* macOS */ = {
			isa = PBXGroup;
			children = (
				F6C5ACD2275A3C7800E869EC /* macOS.entitlements */,
			);
			path = macOS;
			sourceTree = "<group>";
		};
/* End PBXGroup section */

/* Begin PBXNativeTarget section */
		F6C5ACC9275A3C7800E869EC /* ECommerceShop (iOS) */ = {
			isa = PBXNativeTarget;
			buildConfigurationList = F6C5ACDB275A3C7800E869EC /* Build configuration list for PBXNativeTarget "ECommerceShop (iOS)" */;
			buildPhases = (
				F6C5ACC6275A3C7800E869EC /* Sources */,
				F6C5ACC7275A3C7800E869EC /* Frameworks */,
				F6C5ACC8275A3C7800E869EC /* Resources */,
			);
			buildRules = (
			);
			dependencies = (
			);
			name = "ECommerceShop (iOS)";
			productName = "ECommerceShop (iOS)";
			productReference = F6C5ACCA275A3C7800E869EC /* ECommerceShop.app */;
			productType = "com.apple.product-type.application";
		};
		F6C5ACCF275A3C7800E869EC /* ECommerceShop (macOS) */ = {
			isa = PBXNativeTarget;
			buildConfigurationList = F6C5ACDE275A3C7800E869EC /* Build configuration list for PBXNativeTarget "ECommerceShop (macOS)" */;
			buildPhases = (
				F6C5ACCC275A3C7800E869EC /* Sources */,
				F6C5ACCD275A3C7800E869EC /* Frameworks */,
				F6C5ACCE275A3C7800E869EC /* Resources */,
			);
			buildRules = (
			);
			dependencies = (
			);
			name = "ECommerceShop (macOS)";
			productName = "ECommerceShop (macOS)";
			productReference = F6C5ACD0275A3C7800E869EC /* ECommerceShop.app */;
			productType = "com.apple.product-type.application";
		};
/* End PBXNativeTarget section */

/* Begin PBXProject section */
		F6C5ACBE275A3C7600E869EC /* Project object */ = {
			isa = PBXProject;
			attributes = {
				BuildIndependentTargetsInParallel = 1;
				LastSwiftUpdateCheck = 1310;
				LastUpgradeCheck = 1310;
				TargetAttributes = {
					F6C5ACC9275A3C7800E869EC = {
						CreatedOnToolsVersion = 13.1;
					};
					F6C5ACCF275A3C7800E869EC = {
						CreatedOnToolsVersion = 13.1;
					};
				};
			};
			buildConfigurationList = F6C5ACC1275A3C7600E869EC /* Build configuration list for PBXProject "ECommerceShop" */;
			compatibilityVersion = "Xcode 13.0";
			developmentRegion = en;
			hasScannedForEncodings = 0;
			knownRegions = (
				en,
				Base,
			);
			mainGroup = F6C5ACBD275A3C7600E869EC;
			productRefGroup = F6C5ACCB275A3C7800E869EC /* Products */;
			projectDirPath = "";
			projectRoot = "";
			targets = (
				F6C5ACC9275A3C7800E869EC /* ECommerceShop (iOS) */,
				F6C5ACCF275A3C7800E869EC /* ECommerceShop (macOS) */,
			);
		};
/* End PBXProject section */

/* Begin PBXResourcesBuildPhase section */
		F6C5ACC8275A3C7800E869EC /* Resources */ = {
			isa = PBXResourcesBuildPhase;
			buildActionMask = 2147483647;
			files = (
				F6C5ACD7275A3C7800E869EC /* Assets.xcassets in Resources */,
				F63B8C7B275A415800A6C028 /* Raleway-Bold.ttf in Resources */,
				F63B8C79275A415800A6C028 /* Raleway-SemiBold.ttf in Resources */,
				F63B8C7D275A415800A6C028 /* Raleway-Regular.ttf in Resources */,
			);
			runOnlyForDeploymentPostprocessing = 0;
		};
		F6C5ACCE275A3C7800E869EC /* Resources */ = {
			isa = PBXResourcesBuildPhase;
			buildActionMask = 2147483647;
			files = (
				F6C5ACD8275A3C7800E869EC /* Assets.xcassets in Resources */,
				F63B8C7C275A415800A6C028 /* Raleway-Bold.ttf in Resources */,
				F63B8C7A275A415800A6C028 /* Raleway-SemiBold.ttf in Resources */,
				F63B8C7E275A415800A6C028 /* Raleway-Regular.ttf in Resources */,
			);
			runOnlyForDeploymentPostprocessing = 0;
		};
/* End PBXResourcesBuildPhase section */

/* Begin PBXSourcesBuildPhase section */
		F6C5ACC6275A3C7800E869EC /* Sources */ = {
			isa = PBXSourcesBuildPhase;
			buildActionMask = 2147483647;
			files = (
				F63B8C84275A5C3E00A6C028 /* LoginPage.swift in Sources */,
				F64A29E9275E183E004F3A9F /* MoreProductsView.swift in Sources */,
				F6229EA72761FA39004683AB /* SharedDataModel.swift in Sources */,
				F63B8C89275A68E300A6C028 /* CustomCorners.swift in Sources */,
				F60CD6BA276162CE00073205 /* StaggeredGrid.swift in Sources */,
				F6A10BD1275D50E700E51E77 /* Product.swift in Sources */,
				F654B669275E3FF400193464 /* SearchView.swift in Sources */,
				F6A10BD3275D564400E51E77 /* HomeViewModel.swift in Sources */,
				F63B8C87275A5CFD00A6C028 /* LoginPageModel.swift in Sources */,
				F6229EA9276213CE004683AB /* LikedPage.swift in Sources */,
				F6229EAB27627733004683AB /* CartPage.swift in Sources */,
				F6C5ACD5275A3C7800E869EC /* ContentView.swift in Sources */,
				F63B8C82275A42F600A6C028 /* OnBoardingPage.swift in Sources */,
				F60CD6BC276170E800073205 /* ProfilePage.swift in Sources */,
				F6229EA52761F983004683AB /* ProductDetailView.swift in Sources */,
				F66DB453275D301600CB02C6 /* MainPage.swift in Sources */,
				F66DB456275D36B900CB02C6 /* Home.swift in Sources */,
				F6C5ACD3275A3C7800E869EC /* ECommerceShopApp.swift in Sources */,
			);
			runOnlyForDeploymentPostprocessing = 0;
		};
		F6C5ACCC275A3C7800E869EC /* Sources */ = {
			isa = PBXSourcesBuildPhase;
			buildActionMask = 2147483647;
			files = (
				F6C5ACD6275A3C7800E869EC /* ContentView.swift in Sources */,
				F6C5ACD4275A3C7800E869EC /* ECommerceShopApp.swift in Sources */,
			);
			runOnlyForDeploymentPostprocessing = 0;
		};
/* End PBXSourcesBuildPhase section */

/* Begin XCBuildConfiguration section */
		F6C5ACD9275A3C7800E869EC /* Debug */ = {
			isa = XCBuildConfiguration;
			buildSettings = {
				ALWAYS_SEARCH_USER_PATHS = NO;
				CLANG_ANALYZER_NONNULL = YES;
				CLANG_ANALYZER_NUMBER_OBJECT_CONVERSION = YES_AGGRESSIVE;
				CLANG_CXX_LANGUAGE_STANDARD = "gnu++17";
				CLANG_CXX_LIBRARY = "libc++";
				CLANG_ENABLE_MODULES = YES;
				CLANG_ENABLE_OBJC_ARC = YES;
				CLANG_ENABLE_OBJC_WEAK = YES;
				CLANG_WARN_BLOCK_CAPTURE_AUTORELEASING = YES;
				CLANG_WARN_BOOL_CONVERSION = YES;
				CLANG_WARN_COMMA = YES;
				CLANG_WARN_CONSTANT_CONVERSION = YES;
				CLANG_WARN_DEPRECATED_OBJC_IMPLEMENTATIONS = YES;
				CLANG_WARN_DIRECT_OBJC_ISA_USAGE = YES_ERROR;
				CLANG_WARN_DOCUMENTATION_COMMENTS = YES;
				CLANG_WARN_EMPTY_BODY = YES;
				CLANG_WARN_ENUM_CONVERSION = YES;
				CLANG_WARN_INFINITE_RECURSION = YES;
				CLANG_WARN_INT_CONVERSION = YES;
				CLANG_WARN_NON_LITERAL_NULL_CONVERSION = YES;
				CLANG_WARN_OBJC_IMPLICIT_RETAIN_SELF = YES;
				CLANG_WARN_OBJC_LITERAL_CONVERSION = YES;
				CLANG_WARN_OBJC_ROOT_CLASS = YES_ERROR;
				CLANG_WARN_QUOTED_INCLUDE_IN_FRAMEWORK_HEADER = YES;
				CLANG_WARN_RANGE_LOOP_ANALYSIS = YES;
				CLANG_WARN_STRICT_PROTOTYPES = YES;
				CLANG_WARN_SUSPICIOUS_MOVE = YES;
				CLANG_WARN_UNGUARDED_AVAILABILITY = YES_AGGRESSIVE;
				CLANG_WARN_UNREACHABLE_CODE = YES;
				CLANG_WARN__DUPLICATE_METHOD_MATCH = YES;
				COPY_PHASE_STRIP = NO;
				DEBUG_INFORMATION_FORMAT = dwarf;
				ENABLE_STRICT_OBJC_MSGSEND = YES;
				ENABLE_TESTABILITY = YES;
				GCC_C_LANGUAGE_STANDARD = gnu11;
				GCC_DYNAMIC_NO_PIC = NO;
				GCC_NO_COMMON_BLOCKS = YES;
				GCC_OPTIMIZATION_LEVEL = 0;
				GCC_PREPROCESSOR_DEFINITIONS = (
					"DEBUG=1",
					"$(inherited)",
				);
				GCC_WARN_64_TO_32_BIT_CONVERSION = YES;
				GCC_WARN_ABOUT_RETURN_TYPE = YES_ERROR;
				GCC_WARN_UNDECLARED_SELECTOR = YES;
				GCC_WARN_UNINITIALIZED_AUTOS = YES_AGGRESSIVE;
				GCC_WARN_UNUSED_FUNCTION = YES;
				GCC_WARN_UNUSED_VARIABLE = YES;
				MTL_ENABLE_DEBUG_INFO = INCLUDE_SOURCE;
				MTL_FAST_MATH = YES;
				ONLY_ACTIVE_ARCH = YES;
				SWIFT_ACTIVE_COMPILATION_CONDITIONS = DEBUG;
				SWIFT_OPTIMIZATION_LEVEL = "-Onone";
			};
			name = Debug;
		};
		F6C5ACDA275A3C7800E869EC /* Release */ = {
			isa = XCBuildConfiguration;
			buildSettings = {
				ALWAYS_SEARCH_USER_PATHS = NO;
				CLANG_ANALYZER_NONNULL = YES;
				CLANG_ANALYZER_NUMBER_OBJECT_CONVERSION = YES_AGGRESSIVE;
				CLANG_CXX_LANGUAGE_STANDARD = "gnu++17";
				CLANG_CXX_LIBRARY = "libc++";
				CLANG_ENABLE_MODULES = YES;
				CLANG_ENABLE_OBJC_ARC = YES;
				CLANG_ENABLE_OBJC_WEAK = YES;
				CLANG_WARN_BLOCK_CAPTURE_AUTORELEASING = YES;
				CLANG_WARN_BOOL_CONVERSION = YES;
				CLANG_WARN_COMMA = YES;
				CLANG_WARN_CONSTANT_CONVERSION = YES;
				CLANG_WARN_DEPRECATED_OBJC_IMPLEMENTATIONS = YES;
				CLANG_WARN_DIRECT_OBJC_ISA_USAGE = YES_ERROR;
				CLANG_WARN_DOCUMENTATION_COMMENTS = YES;
				CLANG_WARN_EMPTY_BODY = YES;
				CLANG_WARN_ENUM_CONVERSION = YES;
				CLANG_WARN_INFINITE_RECURSION = YES;
				CLANG_WARN_INT_CONVERSION = YES;
				CLANG_WARN_NON_LITERAL_NULL_CONVERSION = YES;
				CLANG_WARN_OBJC_IMPLICIT_RETAIN_SELF = YES;
				CLANG_WARN_OBJC_LITERAL_CONVERSION = YES;
				CLANG_WARN_OBJC_ROOT_CLASS = YES_ERROR;
				CLANG_WARN_QUOTED_INCLUDE_IN_FRAMEWORK_HEADER = YES;
				CLANG_WARN_RANGE_LOOP_ANALYSIS = YES;
				CLANG_WARN_STRICT_PROTOTYPES = YES;
				CLANG_WARN_SUSPICIOUS_MOVE = YES;
				CLANG_WARN_UNGUARDED_AVAILABILITY = YES_AGGRESSIVE;
				CLANG_WARN_UNREACHABLE_CODE = YES;
				CLANG_WARN__DUPLICATE_METHOD_MATCH = YES;
				COPY_PHASE_STRIP = NO;
				DEBUG_INFORMATION_FORMAT = "dwarf-with-dsym";
				ENABLE_NS_ASSERTIONS = NO;
				ENABLE_STRICT_OBJC_MSGSEND = YES;
				GCC_C_LANGUAGE_STANDARD = gnu11;
				GCC_NO_COMMON_BLOCKS = YES;
				GCC_WARN_64_TO_32_BIT_CONVERSION = YES;
				GCC_WARN_ABOUT_RETURN_TYPE = YES_ERROR;
				GCC_WARN_UNDECLARED_SELECTOR = YES;
				GCC_WARN_UNINITIALIZED_AUTOS = YES_AGGRESSIVE;
				GCC_WARN_UNUSED_FUNCTION = YES;
				GCC_WARN_UNUSED_VARIABLE = YES;
				MTL_ENABLE_DEBUG_INFO = NO;
				MTL_FAST_MATH = YES;
				SWIFT_COMPILATION_MODE = wholemodule;
				SWIFT_OPTIMIZATION_LEVEL = "-O";
			};
			name = Release;
		};
		F6C5ACDC275A3C7800E869EC /* Debug */ = {
			isa = XCBuildConfiguration;
			buildSettings = {
				ASSETCATALOG_COMPILER_APPICON_NAME = AppIcon;
				ASSETCATALOG_COMPILER_GLOBAL_ACCENT_COLOR_NAME = AccentColor;
				CODE_SIGN_STYLE = Automatic;
				CURRENT_PROJECT_VERSION = 1;
				DEVELOPMENT_TEAM = 4H8URBFBQ9;
				ENABLE_PREVIEWS = YES;
				GENERATE_INFOPLIST_FILE = YES;
				INFOPLIST_FILE = "ECommerceShop--iOS--Info.plist";
				INFOPLIST_KEY_UIApplicationSceneManifest_Generation = YES;
				INFOPLIST_KEY_UIApplicationSupportsIndirectInputEvents = YES;
				INFOPLIST_KEY_UILaunchScreen_Generation = YES;
				INFOPLIST_KEY_UISupportedInterfaceOrientations_iPad = "UIInterfaceOrientationPortrait UIInterfaceOrientationPortraitUpsideDown UIInterfaceOrientationLandscapeLeft UIInterfaceOrientationLandscapeRight";
				INFOPLIST_KEY_UISupportedInterfaceOrientations_iPhone = "UIInterfaceOrientationPortrait UIInterfaceOrientationLandscapeLeft UIInterfaceOrientationLandscapeRight";
				IPHONEOS_DEPLOYMENT_TARGET = 15.0;
				LD_RUNPATH_SEARCH_PATHS = (
					"$(inherited)",
					"@executable_path/Frameworks",
				);
				MARKETING_VERSION = 1.0;
				PRODUCT_BUNDLE_IDENTIFIER = emanuel.ECommerceShop;
				PRODUCT_NAME = ECommerceShop;
				SDKROOT = iphoneos;
				SWIFT_EMIT_LOC_STRINGS = YES;
				SWIFT_VERSION = 5.0;
				TARGETED_DEVICE_FAMILY = "1,2";
			};
			name = Debug;
		};
		F6C5ACDD275A3C7800E869EC /* Release */ = {
			isa = XCBuildConfiguration;
			buildSettings = {
				ASSETCATALOG_COMPILER_APPICON_NAME = AppIcon;
				ASSETCATALOG_COMPILER_GLOBAL_ACCENT_COLOR_NAME = AccentColor;
				CODE_SIGN_STYLE = Automatic;
				CURRENT_PROJECT_VERSION = 1;
				DEVELOPMENT_TEAM = 4H8URBFBQ9;
				ENABLE_PREVIEWS = YES;
				GENERATE_INFOPLIST_FILE = YES;
				INFOPLIST_FILE = "ECommerceShop--iOS--Info.plist";
				INFOPLIST_KEY_UIApplicationSceneManifest_Generation = YES;
				INFOPLIST_KEY_UIApplicationSupportsIndirectInputEvents = YES;
				INFOPLIST_KEY_UILaunchScreen_Generation = YES;
				INFOPLIST_KEY_UISupportedInterfaceOrientations_iPad = "UIInterfaceOrientationPortrait UIInterfaceOrientationPortraitUpsideDown UIInterfaceOrientationLandscapeLeft UIInterfaceOrientationLandscapeRight";
				INFOPLIST_KEY_UISupportedInterfaceOrientations_iPhone = "UIInterfaceOrientationPortrait UIInterfaceOrientationLandscapeLeft UIInterfaceOrientationLandscapeRight";
				IPHONEOS_DEPLOYMENT_TARGET = 15.0;
				LD_RUNPATH_SEARCH_PATHS = (
					"$(inherited)",
					"@executable_path/Frameworks",
				);
				MARKETING_VERSION = 1.0;
				PRODUCT_BUNDLE_IDENTIFIER = emanuel.ECommerceShop;
				PRODUCT_NAME = ECommerceShop;
				SDKROOT = iphoneos;
				SWIFT_EMIT_LOC_STRINGS = YES;
				SWIFT_VERSION = 5.0;
				TARGETED_DEVICE_FAMILY = "1,2";
				VALIDATE_PRODUCT = YES;
			};
			name = Release;
		};
		F6C5ACDF275A3C7800E869EC /* Debug */ = {
			isa = XCBuildConfiguration;
			buildSettings = {
				ASSETCATALOG_COMPILER_APPICON_NAME = AppIcon;
				ASSETCATALOG_COMPILER_GLOBAL_ACCENT_COLOR_NAME = AccentColor;
				CODE_SIGN_ENTITLEMENTS = macOS/macOS.entitlements;
				CODE_SIGN_STYLE = Automatic;
				COMBINE_HIDPI_IMAGES = YES;
				CURRENT_PROJECT_VERSION = 1;
				DEVELOPMENT_TEAM = 4H8URBFBQ9;
				ENABLE_HARDENED_RUNTIME = YES;
				ENABLE_PREVIEWS = YES;
				GENERATE_INFOPLIST_FILE = YES;
				INFOPLIST_KEY_NSHumanReadableCopyright = "";
				LD_RUNPATH_SEARCH_PATHS = (
					"$(inherited)",
					"@executable_path/../Frameworks",
				);
				MACOSX_DEPLOYMENT_TARGET = 11.6;
				MARKETING_VERSION = 1.0;
				PRODUCT_BUNDLE_IDENTIFIER = emanuel.ECommerceShop;
				PRODUCT_NAME = ECommerceShop;
				SDKROOT = macosx;
				SWIFT_EMIT_LOC_STRINGS = YES;
				SWIFT_VERSION = 5.0;
			};
			name = Debug;
		};
		F6C5ACE0275A3C7800E869EC /* Release */ = {
			isa = XCBuildConfiguration;
			buildSettings = {
				ASSETCATALOG_COMPILER_APPICON_NAME = AppIcon;
				ASSETCATALOG_COMPILER_GLOBAL_ACCENT_COLOR_NAME = AccentColor;
				CODE_SIGN_ENTITLEMENTS = macOS/macOS.entitlements;
				CODE_SIGN_STYLE = Automatic;
				COMBINE_HIDPI_IMAGES = YES;
				CURRENT_PROJECT_VERSION = 1;
				DEVELOPMENT_TEAM = 4H8URBFBQ9;
				ENABLE_HARDENED_RUNTIME = YES;
				ENABLE_PREVIEWS = YES;
				GENERATE_INFOPLIST_FILE = YES;
				INFOPLIST_KEY_NSHumanReadableCopyright = "";
				LD_RUNPATH_SEARCH_PATHS = (
					"$(inherited)",
					"@executable_path/../Frameworks",
				);
				MACOSX_DEPLOYMENT_TARGET = 11.6;
				MARKETING_VERSION = 1.0;
				PRODUCT_BUNDLE_IDENTIFIER = emanuel.ECommerceShop;
				PRODUCT_NAME = ECommerceShop;
				SDKROOT = macosx;
				SWIFT_EMIT_LOC_STRINGS = YES;
				SWIFT_VERSION = 5.0;
			};
			name = Release;
		};
/* End XCBuildConfiguration section */

/* Begin XCConfigurationList section */
		F6C5ACC1275A3C7600E869EC /* Build configuration list for PBXProject "ECommerceShop" */ = {
			isa = XCConfigurationList;
			buildConfigurations = (
				F6C5ACD9275A3C7800E869EC /* Debug */,
				F6C5ACDA275A3C7800E869EC /* Release */,
			);
			defaultConfigurationIsVisible = 0;
			defaultConfigurationName = Release;
		};
		F6C5ACDB275A3C7800E869EC /* Build configuration list for PBXNativeTarget "ECommerceShop (iOS)" */ = {
			isa = XCConfigurationList;
			buildConfigurations = (
				F6C5ACDC275A3C7800E869EC /* Debug */,
				F6C5ACDD275A3C7800E869EC /* Release */,
			);
			defaultConfigurationIsVisible = 0;
			defaultConfigurationName = Release;
		};
		F6C5ACDE275A3C7800E869EC /* Build configuration list for PBXNativeTarget "ECommerceShop (macOS)" */ = {
			isa = XCConfigurationList;
			buildConfigurations = (
				F6C5ACDF275A3C7800E869EC /* Debug */,
				F6C5ACE0275A3C7800E869EC /* Release */,
			);
			defaultConfigurationIsVisible = 0;
			defaultConfigurationName = Release;
		};
/* End XCConfigurationList section */
	};
	rootObject = F6C5ACBE275A3C7600E869EC /* Project object */;
}
